
Microsoft Visual Studio Solution File, Format Version 12.00
# Visual Studio 15
VisualStudioVersion = 15.0.26730.3
MinimumVisualStudioVersion = 10.0.40219.1
Project("{FAE04EC0-301F-11D3-BF4B-00C04F79EFBC}") = "autotest", "autotest\autotest.csproj", "{4325307C-36B1-44FC-93B5-7A0264F8CC49}"
EndProject
Global
	GlobalSection(SolutionConfigurationPlatforms) = preSolution
		Debug|Any CPU = Debug|Any CPU
		Release|Any CPU = Release|Any CPU
	EndGlobalSection
	GlobalSection(ProjectConfigurationPlatforms) = postSolution
		{4325307C-36B1-44FC-93B5-7A0264F8CC49}.Debug|Any CPU.ActiveCfg = Debug|Any CPU
		{4325307C-36B1-44FC-93B5-7A0264F8CC49}.Debug|Any CPU.Build.0 = Debug|Any CPU
		{4325307C-36B1-44FC-93B5-7A0264F8CC49}.Release|Any CPU.ActiveCfg = Release|Any CPU
		{4325307C-36B1-44FC-93B5-7A0264F8CC49}.Release|Any CPU.Build.0 = Release|Any CPU
	EndGlobalSection
	GlobalSection(SolutionProperties) = preSolution
		HideSolutionNode = FALSE
	EndGlobalSection
	GlobalSection(ExtensibilityGlobals) = postSolution
		SolutionGuid = {00D14935-E0C8-4CF2-A3A2-D504E8CDCDF6}
	EndGlobalSection
EndGlobal
