
Microsoft Visual Studio Solution File, Format Version 12.00
# Visual Studio 15
VisualStudioVersion = 15.0.26730.3
MinimumVisualStudioVersion = 10.0.40219.1
Project("{FAE04EC0-301F-11D3-BF4B-00C04F79EFBC}") = "XUnitTestProject1", "XUnitTestProject1\XUnitTestProject1.csproj", "{771EE642-F955-4614-8595-D9C46336BE0E}"
EndProject
Global
	GlobalSection(SolutionConfigurationPlatforms) = preSolution
		Debug|Any CPU = Debug|Any CPU
		Release|Any CPU = Release|Any CPU
	EndGlobalSection
	GlobalSection(ProjectConfigurationPlatforms) = postSolution
		{771EE642-F955-4614-8595-D9C46336BE0E}.Debug|Any CPU.ActiveCfg = Debug|Any CPU
		{771EE642-F955-4614-8595-D9C46336BE0E}.Debug|Any CPU.Build.0 = Debug|Any CPU
		{771EE642-F955-4614-8595-D9C46336BE0E}.Release|Any CPU.ActiveCfg = Release|Any CPU
		{771EE642-F955-4614-8595-D9C46336BE0E}.Release|Any CPU.Build.0 = Release|Any CPU
	EndGlobalSection
	GlobalSection(SolutionProperties) = preSolution
		HideSolutionNode = FALSE
	EndGlobalSection
	GlobalSection(ExtensibilityGlobals) = postSolution
		SolutionGuid = {C1F70381-BAD2-49F6-8931-E7E85ADB52A6}
	EndGlobalSection
EndGlobal
